
Microsoft Visual Studio Solution File, Format Version 12.00
# Visual Studio 2012
Project("{FAE04EC0-301F-11D3-BF4B-00C04F79EFBC}") = "Evolucao", "Evolucao\Evolucao.csproj", "{7D7139F1-9417-4966-8088-80FE484C5CA1}"
EndProject
Project("{2150E333-8FDC-42A3-9474-1A3956D46DE8}") = "Solution Items", "Solution Items", "{0CE44CFB-C4D6-4513-9FC9-DFE629A99865}"
	ProjectSection(SolutionItems) = preProject
		..\..\evolucao_varejo_2\Projeto\Evolucao\crItens_venda.rpt = ..\..\evolucao_varejo_2\Projeto\Evolucao\crItens_venda.rpt
		..\..\evolucao_varejo_2\Projeto\Evolucao\dsItens_venda.Designer.cs = ..\..\evolucao_varejo_2\Projeto\Evolucao\dsItens_venda.Designer.cs
		..\..\evolucao_varejo_2\Projeto\Evolucao\dsItens_venda.xsc = ..\..\evolucao_varejo_2\Projeto\Evolucao\dsItens_venda.xsc
		..\..\evolucao_varejo_2\Projeto\Evolucao\dsItens_venda.xsd = ..\..\evolucao_varejo_2\Projeto\Evolucao\dsItens_venda.xsd
		..\..\evolucao_varejo_2\Projeto\Evolucao\dsItens_venda.xss = ..\..\evolucao_varejo_2\Projeto\Evolucao\dsItens_venda.xss
		..\..\protemax\Projeto\Evolucao\dsLote_mp.cs = ..\..\protemax\Projeto\Evolucao\dsLote_mp.cs
		..\..\protemax\Projeto\Evolucao\dsLote_mp.Designer.cs = ..\..\protemax\Projeto\Evolucao\dsLote_mp.Designer.cs
		..\..\protemax\Projeto\Evolucao\dsLote_mp.xsc = ..\..\protemax\Projeto\Evolucao\dsLote_mp.xsc
		..\..\protemax\Projeto\Evolucao\dsLote_mp.xsd = ..\..\protemax\Projeto\Evolucao\dsLote_mp.xsd
		..\..\protemax\Projeto\Evolucao\dsLote_mp.xss = ..\..\protemax\Projeto\Evolucao\dsLote_mp.xss
		..\..\distribuidora\Projeto\Evolucao\dsPainel_vendas.cs = ..\..\distribuidora\Projeto\Evolucao\dsPainel_vendas.cs
		..\..\distribuidora\Projeto\Evolucao\dsPainel_vendas.Designer.cs = ..\..\distribuidora\Projeto\Evolucao\dsPainel_vendas.Designer.cs
		..\..\distribuidora\Projeto\Evolucao\dsPainel_vendas.xsc = ..\..\distribuidora\Projeto\Evolucao\dsPainel_vendas.xsc
		..\..\distribuidora\Projeto\Evolucao\dsPainel_vendas.xsd = ..\..\distribuidora\Projeto\Evolucao\dsPainel_vendas.xsd
		..\..\distribuidora\Projeto\Evolucao\dsPainel_vendas.xss = ..\..\distribuidora\Projeto\Evolucao\dsPainel_vendas.xss
		..\..\distribuidora_31012017\Projeto\Evolucao\dsRomaneio_transporte.cs = ..\..\distribuidora_31012017\Projeto\Evolucao\dsRomaneio_transporte.cs
		..\..\distribuidora_31012017\Projeto\Evolucao\dsRomaneio_transporte.designer.cs = ..\..\distribuidora_31012017\Projeto\Evolucao\dsRomaneio_transporte.designer.cs
		..\..\distribuidora_31012017\Projeto\Evolucao\dsRomaneio_transporte.xsc = ..\..\distribuidora_31012017\Projeto\Evolucao\dsRomaneio_transporte.xsc
		..\..\distribuidora_31012017\Projeto\Evolucao\dsRomaneio_transporte.xsd = ..\..\distribuidora_31012017\Projeto\Evolucao\dsRomaneio_transporte.xsd
		..\..\distribuidora_31012017\Projeto\Evolucao\dsRomaneio_transporte.xss = ..\..\distribuidora_31012017\Projeto\Evolucao\dsRomaneio_transporte.xss
		..\..\apresentacao linguicaria\automotivo\Projeto\Evolucao\form_baixa_cp.cs = ..\..\apresentacao linguicaria\automotivo\Projeto\Evolucao\form_baixa_cp.cs
		..\..\apresentacao linguicaria\automotivo\Projeto\Evolucao\form_baixa_cp.Designer.cs = ..\..\apresentacao linguicaria\automotivo\Projeto\Evolucao\form_baixa_cp.Designer.cs
		..\..\apresentacao linguicaria\automotivo\Projeto\Evolucao\form_baixa_cp.resx = ..\..\apresentacao linguicaria\automotivo\Projeto\Evolucao\form_baixa_cp.resx
		..\..\evolucao_varejo_2\Projeto\Evolucao\form_forma_pagamento_pdv.cs = ..\..\evolucao_varejo_2\Projeto\Evolucao\form_forma_pagamento_pdv.cs
		..\..\evolucao_varejo_2\Projeto\Evolucao\form_forma_pagamento_pdv.Designer.cs = ..\..\evolucao_varejo_2\Projeto\Evolucao\form_forma_pagamento_pdv.Designer.cs
		..\..\evolucao_varejo_2\Projeto\Evolucao\form_forma_pagamento_pdv.resx = ..\..\evolucao_varejo_2\Projeto\Evolucao\form_forma_pagamento_pdv.resx
		..\..\evolucao_varejo_2\Projeto\Evolucao\form_localiza_tabela_preco.cs = ..\..\evolucao_varejo_2\Projeto\Evolucao\form_localiza_tabela_preco.cs
		..\..\evolucao_varejo_2\Projeto\Evolucao\form_localiza_tabela_preco.designer.cs = ..\..\evolucao_varejo_2\Projeto\Evolucao\form_localiza_tabela_preco.designer.cs
		..\..\evolucao_varejo_2\Projeto\Evolucao\form_localiza_tabela_preco.resx = ..\..\evolucao_varejo_2\Projeto\Evolucao\form_localiza_tabela_preco.resx
		..\..\distribuidora\Projeto\Evolucao\form_painel_vendas.cs = ..\..\distribuidora\Projeto\Evolucao\form_painel_vendas.cs
		..\..\distribuidora\Projeto\Evolucao\form_painel_vendas.Designer.cs = ..\..\distribuidora\Projeto\Evolucao\form_painel_vendas.Designer.cs
		..\..\distribuidora\Projeto\Evolucao\form_painel_vendas.resx = ..\..\distribuidora\Projeto\Evolucao\form_painel_vendas.resx
		..\..\evolucao_varejo_2\Projeto\Evolucao\form_pdv.cs = ..\..\evolucao_varejo_2\Projeto\Evolucao\form_pdv.cs
		..\..\evolucao_varejo_2\Projeto\Evolucao\form_pdv.Designer.cs = ..\..\evolucao_varejo_2\Projeto\Evolucao\form_pdv.Designer.cs
		..\..\evolucao_varejo_2\Projeto\Evolucao\form_pdv.resx = ..\..\evolucao_varejo_2\Projeto\Evolucao\form_pdv.resx
		..\..\distribuidora\Projeto\Evolucao\form_pesquisa_comissao.cs = ..\..\distribuidora\Projeto\Evolucao\form_pesquisa_comissao.cs
		..\..\distribuidora\Projeto\Evolucao\form_pesquisa_comissao.designer.cs = ..\..\distribuidora\Projeto\Evolucao\form_pesquisa_comissao.designer.cs
		..\..\distribuidora\Projeto\Evolucao\form_pesquisa_comissao.resx = ..\..\distribuidora\Projeto\Evolucao\form_pesquisa_comissao.resx
		..\..\evolucao_varejo_2\Projeto\Evolucao\form_pesquisa_itens_pedido.cs = ..\..\evolucao_varejo_2\Projeto\Evolucao\form_pesquisa_itens_pedido.cs
		..\..\evolucao_varejo_2\Projeto\Evolucao\form_pesquisa_itens_pedido.Designer.cs = ..\..\evolucao_varejo_2\Projeto\Evolucao\form_pesquisa_itens_pedido.Designer.cs
		..\..\evolucao_varejo_2\Projeto\Evolucao\form_pesquisa_itens_pedido.resx = ..\..\evolucao_varejo_2\Projeto\Evolucao\form_pesquisa_itens_pedido.resx
		..\..\evolucao_varejo_2\Projeto\Evolucao\form_pesquisa_pdv.cs = ..\..\evolucao_varejo_2\Projeto\Evolucao\form_pesquisa_pdv.cs
		..\..\evolucao_varejo_2\Projeto\Evolucao\form_pesquisa_pdv.Designer.cs = ..\..\evolucao_varejo_2\Projeto\Evolucao\form_pesquisa_pdv.Designer.cs
		..\..\evolucao_varejo_2\Projeto\Evolucao\form_pesquisa_pdv.resx = ..\..\evolucao_varejo_2\Projeto\Evolucao\form_pesquisa_pdv.resx
		..\..\..\Users\Guilherme\Desktop\pdv\form_pesquisa_vendas_pdv.cs = ..\..\..\Users\Guilherme\Desktop\pdv\form_pesquisa_vendas_pdv.cs
		..\..\..\Users\Guilherme\Desktop\pdv\form_pesquisa_vendas_pdv.Designer.cs = ..\..\..\Users\Guilherme\Desktop\pdv\form_pesquisa_vendas_pdv.Designer.cs
		..\..\..\Users\Guilherme\Desktop\pdv\form_pesquisa_vendas_pdv.resx = ..\..\..\Users\Guilherme\Desktop\pdv\form_pesquisa_vendas_pdv.resx
		..\..\evolucao_varejo_2\Projeto\Evolucao\form_tabelas_produto.cs = ..\..\evolucao_varejo_2\Projeto\Evolucao\form_tabelas_produto.cs
		..\..\evolucao_varejo_2\Projeto\Evolucao\form_tabelas_produto.designer.cs = ..\..\evolucao_varejo_2\Projeto\Evolucao\form_tabelas_produto.designer.cs
		..\..\evolucao_varejo_2\Projeto\Evolucao\form_tabelas_produto.resx = ..\..\evolucao_varejo_2\Projeto\Evolucao\form_tabelas_produto.resx
	EndProjectSection
EndProject
Project("{2150E333-8FDC-42A3-9474-1A3956D46DE8}") = "Exclusões", "Exclusões", "{8A8EE4CB-95AB-4416-802D-295E4F3260B2}"
	ProjectSection(SolutionItems) = preProject
		Evolucao\AbstractArquivoRemessa.cs = Evolucao\AbstractArquivoRemessa.cs
		Evolucao\AbstractArquivoRetorno.cs = Evolucao\AbstractArquivoRetorno.cs
		Evolucao\ArquivoRemessa.cs = Evolucao\ArquivoRemessa.cs
		Evolucao\ArquivoRemessaCNAB240.cs = Evolucao\ArquivoRemessaCNAB240.cs
		Evolucao\ArquivoRemessaCNAB400.cs = Evolucao\ArquivoRemessaCNAB400.cs
		Evolucao\ArquivoRetorno.cs = Evolucao\ArquivoRetorno.cs
		Evolucao\ArquivoRetornoCNAB240.cs = Evolucao\ArquivoRetornoCNAB240.cs
		Evolucao\ArquivoRetornoCNAB400.cs = Evolucao\ArquivoRetornoCNAB400.cs
		Evolucao\crClientes.rpt = Evolucao\crClientes.rpt
		..\..\evolucao_montag\Projeto\Evolucao\crContas_a_pagar.rpt = ..\..\evolucao_montag\Projeto\Evolucao\crContas_a_pagar.rpt
		..\..\evolucao_montag\Projeto\Evolucao\crContas_a_pagar_carteira.rpt = ..\..\evolucao_montag\Projeto\Evolucao\crContas_a_pagar_carteira.rpt
		..\..\evolucao_montag\Projeto\Evolucao\crContas_a_pagar_data.rpt = ..\..\evolucao_montag\Projeto\Evolucao\crContas_a_pagar_data.rpt
		..\..\evolucao_montag\Projeto\Evolucao\crContas_a_pagar_forn.rpt = ..\..\evolucao_montag\Projeto\Evolucao\crContas_a_pagar_forn.rpt
		..\..\evolucao_montag\Projeto\Evolucao\crContas_a_receber.rpt = ..\..\evolucao_montag\Projeto\Evolucao\crContas_a_receber.rpt
		..\..\evolucao_montag\Projeto\Evolucao\crContas_a_receber_carteira.rpt = ..\..\evolucao_montag\Projeto\Evolucao\crContas_a_receber_carteira.rpt
		..\..\evolucao_montag\Projeto\Evolucao\crContas_a_receber_cliente.rpt = ..\..\evolucao_montag\Projeto\Evolucao\crContas_a_receber_cliente.rpt
		..\..\evolucao_montag\Projeto\Evolucao\crContas_a_receber_data.rpt = ..\..\evolucao_montag\Projeto\Evolucao\crContas_a_receber_data.rpt
		..\..\evolucao_montag\Projeto\Evolucao\crImp_planejamento_geral.rpt = ..\..\evolucao_montag\Projeto\Evolucao\crImp_planejamento_geral.rpt
		..\..\evolucao_montag\Projeto\Evolucao\crImp_planejamento_plano.rpt = ..\..\evolucao_montag\Projeto\Evolucao\crImp_planejamento_plano.rpt
		..\..\evolucao_montag\Projeto\Evolucao\crPlanejamentoPlanoUltimosMeses.rpt = ..\..\evolucao_montag\Projeto\Evolucao\crPlanejamentoPlanoUltimosMeses.rpt
		..\..\Users\Luiz\Desktop\atualizacoes\crProdutosxclientes.rpt = ..\..\Users\Luiz\Desktop\atualizacoes\crProdutosxclientes.rpt
		..\..\Users\Luiz\Desktop\atualizacoes\crVendasFornecedor.rpt = ..\..\Users\Luiz\Desktop\atualizacoes\crVendasFornecedor.rpt
		..\..\Users\Luiz\Desktop\atualizacoes\crVendasProdutosFornecedor.rpt = ..\..\Users\Luiz\Desktop\atualizacoes\crVendasProdutosFornecedor.rpt
		..\..\Users\Luiz\Desktop\atualizacoes\crVendedorxCidades.rpt = ..\..\Users\Luiz\Desktop\atualizacoes\crVendedorxCidades.rpt
		..\..\Users\Luiz\Desktop\atualizacoes\crVendedorxClientes.rpt = ..\..\Users\Luiz\Desktop\atualizacoes\crVendedorxClientes.rpt
		..\..\Users\Luiz\Desktop\atualizacoes\crVendedorxClientesxProdutos.rpt = ..\..\Users\Luiz\Desktop\atualizacoes\crVendedorxClientesxProdutos.rpt
		..\..\Users\Luiz\Desktop\atualizacoes\crVendedorxProdutos.rpt = ..\..\Users\Luiz\Desktop\atualizacoes\crVendedorxProdutos.rpt
		Evolucao\DetalheRetorno.cs = Evolucao\DetalheRetorno.cs
		Evolucao\DetalheRetornoCNAB240.cs = Evolucao\DetalheRetornoCNAB240.cs
		Evolucao\DetalheSegmentoERetornoCNAB240.cs = Evolucao\DetalheSegmentoERetornoCNAB240.cs
		Evolucao\DetalheSegmentoTRetornoCNAB240.cs = Evolucao\DetalheSegmentoTRetornoCNAB240.cs
		Evolucao\DetalheSegmentoURetornoCNAB240.cs = Evolucao\DetalheSegmentoURetornoCNAB240.cs
		Evolucao\DetalheSegmentoWRetornoCNAB240.cs = Evolucao\DetalheSegmentoWRetornoCNAB240.cs
		Evolucao\dsClientes.Designer.cs = Evolucao\dsClientes.Designer.cs
		Evolucao\dsClientes.xsc = Evolucao\dsClientes.xsc
		Evolucao\dsClientes.xsd = Evolucao\dsClientes.xsd
		Evolucao\dsClientes.xss = Evolucao\dsClientes.xss
		..\..\Users\Luiz\Desktop\atualizacoes\dsClientesxproduto.Designer.cs = ..\..\Users\Luiz\Desktop\atualizacoes\dsClientesxproduto.Designer.cs
		..\..\Users\Luiz\Desktop\atualizacoes\dsClientesxproduto.xsc = ..\..\Users\Luiz\Desktop\atualizacoes\dsClientesxproduto.xsc
		..\..\Users\Luiz\Desktop\atualizacoes\dsClientesxproduto.xsd = ..\..\Users\Luiz\Desktop\atualizacoes\dsClientesxproduto.xsd
		..\..\Users\Luiz\Desktop\atualizacoes\dsClientesxproduto.xss = ..\..\Users\Luiz\Desktop\atualizacoes\dsClientesxproduto.xss
		..\..\evolucao_montag\Projeto\Evolucao\dsPlanejamento.cs = ..\..\evolucao_montag\Projeto\Evolucao\dsPlanejamento.cs
		..\..\evolucao_montag\Projeto\Evolucao\dsPlanejamento.designer.cs = ..\..\evolucao_montag\Projeto\Evolucao\dsPlanejamento.designer.cs
		..\..\evolucao_montag\Projeto\Evolucao\dsPlanejamento.xsc = ..\..\evolucao_montag\Projeto\Evolucao\dsPlanejamento.xsc
		..\..\evolucao_montag\Projeto\Evolucao\dsPlanejamento.xsd = ..\..\evolucao_montag\Projeto\Evolucao\dsPlanejamento.xsd
		..\..\evolucao_montag\Projeto\Evolucao\dsPlanejamento.xss = ..\..\evolucao_montag\Projeto\Evolucao\dsPlanejamento.xss
		E:\Evolucao_vigorNovo\Projeto\Evolucao\dsRomaneio_transporte.cs = E:\Evolucao_vigorNovo\Projeto\Evolucao\dsRomaneio_transporte.cs
		E:\Evolucao_vigorNovo\Projeto\Evolucao\dsRomaneio_transporte.designer.cs = E:\Evolucao_vigorNovo\Projeto\Evolucao\dsRomaneio_transporte.designer.cs
		E:\Evolucao_vigorNovo\Projeto\Evolucao\dsRomaneio_transporte.xsc = E:\Evolucao_vigorNovo\Projeto\Evolucao\dsRomaneio_transporte.xsc
		E:\Evolucao_vigorNovo\Projeto\Evolucao\dsRomaneio_transporte.xsd = E:\Evolucao_vigorNovo\Projeto\Evolucao\dsRomaneio_transporte.xsd
		E:\Evolucao_vigorNovo\Projeto\Evolucao\dsRomaneio_transporte.xss = E:\Evolucao_vigorNovo\Projeto\Evolucao\dsRomaneio_transporte.xss
		Evolucao\EnviarEmail.cs = Evolucao\EnviarEmail.cs
		Evolucao\EnviarEmail.Designer.cs = Evolucao\EnviarEmail.Designer.cs
		Evolucao\EnviarEmail.resx = Evolucao\EnviarEmail.resx
		..\..\evolucao_20_2\Projeto\Evolucao\form_add_campos.cs = ..\..\evolucao_20_2\Projeto\Evolucao\form_add_campos.cs
		..\..\evolucao_20_2\Projeto\Evolucao\form_add_campos.Designer.cs = ..\..\evolucao_20_2\Projeto\Evolucao\form_add_campos.Designer.cs
		..\..\evolucao_20_2\Projeto\Evolucao\form_add_campos.resx = ..\..\evolucao_20_2\Projeto\Evolucao\form_add_campos.resx
		..\..\evolucao_varejo\Projeto\Evolucao\form_cc.cs = ..\..\evolucao_varejo\Projeto\Evolucao\form_cc.cs
		..\..\evolucao_varejo\Projeto\Evolucao\form_cc.Designer.cs = ..\..\evolucao_varejo\Projeto\Evolucao\form_cc.Designer.cs
		..\..\evolucao_varejo\Projeto\Evolucao\form_cc.resx = ..\..\evolucao_varejo\Projeto\Evolucao\form_cc.resx
		..\..\evolucao_montag\Projeto\Evolucao\form_cp_cr.cs = ..\..\evolucao_montag\Projeto\Evolucao\form_cp_cr.cs
		..\..\evolucao_montag\Projeto\Evolucao\form_cp_cr.Designer.cs = ..\..\evolucao_montag\Projeto\Evolucao\form_cp_cr.Designer.cs
		..\..\evolucao_montag\Projeto\Evolucao\form_cp_cr.resx = ..\..\evolucao_montag\Projeto\Evolucao\form_cp_cr.resx
		Evolucao\form_localiza_cliente.cs = Evolucao\form_localiza_cliente.cs
		Evolucao\form_localiza_cliente.designer.cs = Evolucao\form_localiza_cliente.designer.cs
		Evolucao\form_localiza_cliente.resx = Evolucao\form_localiza_cliente.resx
		..\..\evolucao_montag\Projeto\Evolucao\form_multiplicar_cp_cr.cs = ..\..\evolucao_montag\Projeto\Evolucao\form_multiplicar_cp_cr.cs
		..\..\evolucao_montag\Projeto\Evolucao\form_multiplicar_cp_cr.Designer.cs = ..\..\evolucao_montag\Projeto\Evolucao\form_multiplicar_cp_cr.Designer.cs
		..\..\evolucao_montag\Projeto\Evolucao\form_multiplicar_cp_cr.resx = ..\..\evolucao_montag\Projeto\Evolucao\form_multiplicar_cp_cr.resx
		..\..\evolucao_montag\Projeto\Evolucao\form_operacoes_caixa.cs = ..\..\evolucao_montag\Projeto\Evolucao\form_operacoes_caixa.cs
		..\..\evolucao_montag\Projeto\Evolucao\form_operacoes_caixa.Designer.cs = ..\..\evolucao_montag\Projeto\Evolucao\form_operacoes_caixa.Designer.cs
		..\..\evolucao_montag\Projeto\Evolucao\form_operacoes_caixa.resx = ..\..\evolucao_montag\Projeto\Evolucao\form_operacoes_caixa.resx
		..\..\evolucao_montag\Projeto\Evolucao\form_operacoes_cp.cs = ..\..\evolucao_montag\Projeto\Evolucao\form_operacoes_cp.cs
		..\..\evolucao_montag\Projeto\Evolucao\form_operacoes_cp.Designer.cs = ..\..\evolucao_montag\Projeto\Evolucao\form_operacoes_cp.Designer.cs
		..\..\evolucao_montag\Projeto\Evolucao\form_operacoes_cp.resx = ..\..\evolucao_montag\Projeto\Evolucao\form_operacoes_cp.resx
		..\..\evolucao_montag\Projeto\Evolucao\form_operacoes_cr.cs = ..\..\evolucao_montag\Projeto\Evolucao\form_operacoes_cr.cs
		..\..\evolucao_montag\Projeto\Evolucao\form_operacoes_cr.Designer.cs = ..\..\evolucao_montag\Projeto\Evolucao\form_operacoes_cr.Designer.cs
		..\..\evolucao_montag\Projeto\Evolucao\form_operacoes_cr.resx = ..\..\evolucao_montag\Projeto\Evolucao\form_operacoes_cr.resx
		..\..\Users\Luiz\Desktop\atualizacoes\form_pesquisa_comissao.cs = ..\..\Users\Luiz\Desktop\atualizacoes\form_pesquisa_comissao.cs
		..\..\Users\Luiz\Desktop\atualizacoes\form_pesquisa_comissao.designer.cs = ..\..\Users\Luiz\Desktop\atualizacoes\form_pesquisa_comissao.designer.cs
		..\..\Users\Luiz\Desktop\atualizacoes\form_pesquisa_comissao.resx = ..\..\Users\Luiz\Desktop\atualizacoes\form_pesquisa_comissao.resx
		..\..\evolucao_varejo\Projeto\Evolucao\form_pesquisa_vendas.cs = ..\..\evolucao_varejo\Projeto\Evolucao\form_pesquisa_vendas.cs
		..\..\evolucao_varejo\Projeto\Evolucao\form_pesquisa_vendas.Designer.cs = ..\..\evolucao_varejo\Projeto\Evolucao\form_pesquisa_vendas.Designer.cs
		..\..\evolucao_varejo\Projeto\Evolucao\form_pesquisa_vendas.resx = ..\..\evolucao_varejo\Projeto\Evolucao\form_pesquisa_vendas.resx
		..\..\evolucao_montag\Projeto\Evolucao\form_planejamento.cs = ..\..\evolucao_montag\Projeto\Evolucao\form_planejamento.cs
		..\..\evolucao_varejo_2\Projeto\Evolucao\form_planejamento.cs = ..\..\evolucao_varejo_2\Projeto\Evolucao\form_planejamento.cs
		..\..\evolucao_montag\Projeto\Evolucao\form_planejamento.Designer.cs = ..\..\evolucao_montag\Projeto\Evolucao\form_planejamento.Designer.cs
		..\..\evolucao_varejo_2\Projeto\Evolucao\form_planejamento.designer.cs = ..\..\evolucao_varejo_2\Projeto\Evolucao\form_planejamento.designer.cs
		..\..\evolucao_montag\Projeto\Evolucao\form_planejamento.resx = ..\..\evolucao_montag\Projeto\Evolucao\form_planejamento.resx
		..\..\evolucao_varejo_2\Projeto\Evolucao\form_planejamento.resx = ..\..\evolucao_varejo_2\Projeto\Evolucao\form_planejamento.resx
		Evolucao\HeaderDeArquivoCNAB240.cs = Evolucao\HeaderDeArquivoCNAB240.cs
		Evolucao\HtmlRenderingHelper.cs = Evolucao\HtmlRenderingHelper.cs
		..\..\Users\Guilherme\Downloads\HtmlRenderer 1.5.0.6\Source\Demo\WinForms\HtmlRenderingHelper.cs = ..\..\Users\Guilherme\Downloads\HtmlRenderer 1.5.0.6\Source\Demo\WinForms\HtmlRenderingHelper.cs
		Evolucao\IArquivoRemessa.cs = Evolucao\IArquivoRemessa.cs
		Evolucao\IArquivoRetorno.cs = Evolucao\IArquivoRetorno.cs
		Evolucao\ImpressaoBoleto.cs = Evolucao\ImpressaoBoleto.cs
		Evolucao\ImpressaoBoleto.Designer.cs = Evolucao\ImpressaoBoleto.Designer.cs
		Evolucao\ImpressaoBoleto.resx = Evolucao\ImpressaoBoleto.resx
		Evolucao\LinhaDeArquivoGeradaArgs.cs = Evolucao\LinhaDeArquivoGeradaArgs.cs
		Evolucao\LinhaDeArquivoLidaArgs.cs = Evolucao\LinhaDeArquivoLidaArgs.cs
		Evolucao\MainControl.cs = Evolucao\MainControl.cs
		..\..\Users\Guilherme\Downloads\HtmlRenderer 1.5.0.6\Source\Demo\WinForms\MainControl.cs = ..\..\Users\Guilherme\Downloads\HtmlRenderer 1.5.0.6\Source\Demo\WinForms\MainControl.cs
		Evolucao\MainControl.Designer.cs = Evolucao\MainControl.Designer.cs
		..\..\Users\Guilherme\Downloads\HtmlRenderer 1.5.0.6\Source\Demo\WinForms\MainControl.Designer.cs = ..\..\Users\Guilherme\Downloads\HtmlRenderer 1.5.0.6\Source\Demo\WinForms\MainControl.Designer.cs
		Evolucao\MainControl.resx = Evolucao\MainControl.resx
		..\..\Users\Guilherme\Downloads\HtmlRenderer 1.5.0.6\Source\Demo\WinForms\MainControl.resx = ..\..\Users\Guilherme\Downloads\HtmlRenderer 1.5.0.6\Source\Demo\WinForms\MainControl.resx
	EndProjectSection
EndProject
Global
	GlobalSection(SolutionConfigurationPlatforms) = preSolution
		Debug|Any CPU = Debug|Any CPU
		Debug|x64 = Debug|x64
		Debug|x86 = Debug|x86
		Release|Any CPU = Release|Any CPU
		Release|x64 = Release|x64
		Release|x86 = Release|x86
	EndGlobalSection
	GlobalSection(ProjectConfigurationPlatforms) = postSolution
		{7D7139F1-9417-4966-8088-80FE484C5CA1}.Debug|Any CPU.ActiveCfg = Debug|Any CPU
		{7D7139F1-9417-4966-8088-80FE484C5CA1}.Debug|Any CPU.Build.0 = Debug|Any CPU
		{7D7139F1-9417-4966-8088-80FE484C5CA1}.Debug|x64.ActiveCfg = Debug|x64
		{7D7139F1-9417-4966-8088-80FE484C5CA1}.Debug|x64.Build.0 = Debug|x64
		{7D7139F1-9417-4966-8088-80FE484C5CA1}.Debug|x86.ActiveCfg = Debug|x86
		{7D7139F1-9417-4966-8088-80FE484C5CA1}.Debug|x86.Build.0 = Debug|x86
		{7D7139F1-9417-4966-8088-80FE484C5CA1}.Release|Any CPU.ActiveCfg = Release|Any CPU
		{7D7139F1-9417-4966-8088-80FE484C5CA1}.Release|Any CPU.Build.0 = Release|Any CPU
		{7D7139F1-9417-4966-8088-80FE484C5CA1}.Release|x64.ActiveCfg = Release|x64
		{7D7139F1-9417-4966-8088-80FE484C5CA1}.Release|x64.Build.0 = Release|x64
		{7D7139F1-9417-4966-8088-80FE484C5CA1}.Release|x86.ActiveCfg = Release|x86
		{7D7139F1-9417-4966-8088-80FE484C5CA1}.Release|x86.Build.0 = Release|x86
	EndGlobalSection
	GlobalSection(SolutionProperties) = preSolution
		HideSolutionNode = FALSE
	EndGlobalSection
EndGlobal
